// !$*UTF8*$!
{
	archiveVersion = 1;
	classes = {
	};
	objectVersion = 55;
	objects = {

/* Begin PBXBuildFile section */
		44722C49285ABA390062DC72 /* AppDelegate.swift in Sources */ = {isa = PBXBuildFile; fileRef = 44722C48285ABA390062DC72 /* AppDelegate.swift */; };
		44722C4B285ABA390062DC72 /* SceneDelegate.swift in Sources */ = {isa = PBXBuildFile; fileRef = 44722C4A285ABA390062DC72 /* SceneDelegate.swift */; };
		44722C4D285ABA390062DC72 /* OnBoardingViewController.swift in Sources */ = {isa = PBXBuildFile; fileRef = 44722C4C285ABA390062DC72 /* OnBoardingViewController.swift */; };
		44722C50285ABA390062DC72 /* OnBoarding.storyboard in Resources */ = {isa = PBXBuildFile; fileRef = 44722C4E285ABA390062DC72 /* OnBoarding.storyboard */; };
		44722C52285ABA3A0062DC72 /* Assets.xcassets in Resources */ = {isa = PBXBuildFile; fileRef = 44722C51285ABA3A0062DC72 /* Assets.xcassets */; };
		44722C55285ABA3A0062DC72 /* LaunchScreen.storyboard in Resources */ = {isa = PBXBuildFile; fileRef = 44722C53285ABA3A0062DC72 /* LaunchScreen.storyboard */; };
		44722C64285AD7AF0062DC72 /* NutritionPage.storyboard in Resources */ = {isa = PBXBuildFile; fileRef = 44722C63285AD7AF0062DC72 /* NutritionPage.storyboard */; };
		44722C71285AE9A70062DC72 /* NutritionPageViewController.swift in Sources */ = {isa = PBXBuildFile; fileRef = 44722C70285AE9A70062DC72 /* NutritionPageViewController.swift */; };
/* End PBXBuildFile section */

/* Begin PBXFileReference section */
		44722C45285ABA390062DC72 /* Cehat-TestingInna.app */ = {isa = PBXFileReference; explicitFileType = wrapper.application; includeInIndex = 0; path = "Cehat-TestingInna.app"; sourceTree = BUILT_PRODUCTS_DIR; };
		44722C48285ABA390062DC72 /* AppDelegate.swift */ = {isa = PBXFileReference; lastKnownFileType = sourcecode.swift; path = AppDelegate.swift; sourceTree = "<group>"; };
		44722C4A285ABA390062DC72 /* SceneDelegate.swift */ = {isa = PBXFileReference; lastKnownFileType = sourcecode.swift; path = SceneDelegate.swift; sourceTree = "<group>"; };
		44722C4C285ABA390062DC72 /* OnBoardingViewController.swift */ = {isa = PBXFileReference; lastKnownFileType = sourcecode.swift; path = OnBoardingViewController.swift; sourceTree = "<group>"; };
		44722C4F285ABA390062DC72 /* Base */ = {isa = PBXFileReference; lastKnownFileType = file.storyboard; name = Base; path = Base.lproj/OnBoarding.storyboard; sourceTree = "<group>"; };
		44722C51285ABA3A0062DC72 /* Assets.xcassets */ = {isa = PBXFileReference; lastKnownFileType = folder.assetcatalog; path = Assets.xcassets; sourceTree = "<group>"; };
		44722C54285ABA3A0062DC72 /* Base */ = {isa = PBXFileReference; lastKnownFileType = file.storyboard; name = Base; path = Base.lproj/LaunchScreen.storyboard; sourceTree = "<group>"; };
		44722C56285ABA3A0062DC72 /* Info.plist */ = {isa = PBXFileReference; lastKnownFileType = text.plist.xml; path = Info.plist; sourceTree = "<group>"; };
		44722C63285AD7AF0062DC72 /* NutritionPage.storyboard */ = {isa = PBXFileReference; lastKnownFileType = file.storyboard; path = NutritionPage.storyboard; sourceTree = "<group>"; };
		44722C70285AE9A70062DC72 /* NutritionPageViewController.swift */ = {isa = PBXFileReference; lastKnownFileType = sourcecode.swift; path = NutritionPageViewController.swift; sourceTree = "<group>"; };
/* End PBXFileReference section */

/* Begin PBXFrameworksBuildPhase section */
		44722C42285ABA390062DC72 /* Frameworks */ = {
			isa = PBXFrameworksBuildPhase;
			buildActionMask = 2147483647;
			files = (
			);
			runOnlyForDeploymentPostprocessing = 0;
		};
/* End PBXFrameworksBuildPhase section */

/* Begin PBXGroup section */
		44722C3C285ABA390062DC72 = {
			isa = PBXGroup;
			children = (
				44722C47285ABA390062DC72 /* Cehat-TestingInna */,
				44722C46285ABA390062DC72 /* Products */,
			);
			sourceTree = "<group>";
		};
		44722C46285ABA390062DC72 /* Products */ = {
			isa = PBXGroup;
			children = (
				44722C45285ABA390062DC72 /* Cehat-TestingInna.app */,
			);
			name = Products;
			sourceTree = "<group>";
		};
		44722C47285ABA390062DC72 /* Cehat-TestingInna */ = {
			isa = PBXGroup;
			children = (
				44722C5C285ACBA70062DC72 /* OnBoarding */,
				44722C5D285ACBB30062DC72 /* LauchScreen */,
				44722C61285AD7790062DC72 /* NutritionPage */,
				44722C48285ABA390062DC72 /* AppDelegate.swift */,
				44722C4A285ABA390062DC72 /* SceneDelegate.swift */,
				44722C51285ABA3A0062DC72 /* Assets.xcassets */,
				44722C56285ABA3A0062DC72 /* Info.plist */,
			);
			path = "Cehat-TestingInna";
			sourceTree = "<group>";
		};
		44722C5C285ACBA70062DC72 /* OnBoarding */ = {
			isa = PBXGroup;
			children = (
				44722C60285ACBDF0062DC72 /* Controller */,
				44722C5F285ACBD60062DC72 /* View */,
			);
			path = OnBoarding;
			sourceTree = "<group>";
		};
		44722C5D285ACBB30062DC72 /* LauchScreen */ = {
			isa = PBXGroup;
			children = (
				44722C5E285ACBC00062DC72 /* View */,
			);
			path = LauchScreen;
			sourceTree = "<group>";
		};
		44722C5E285ACBC00062DC72 /* View */ = {
			isa = PBXGroup;
			children = (
				44722C53285ABA3A0062DC72 /* LaunchScreen.storyboard */,
			);
			path = View;
			sourceTree = "<group>";
		};
		44722C5F285ACBD60062DC72 /* View */ = {
			isa = PBXGroup;
			children = (
				44722C4E285ABA390062DC72 /* OnBoarding.storyboard */,
			);
			path = View;
			sourceTree = "<group>";
		};
		44722C60285ACBDF0062DC72 /* Controller */ = {
			isa = PBXGroup;
			children = (
				44722C4C285ABA390062DC72 /* OnBoardingViewController.swift */,
			);
			path = Controller;
			sourceTree = "<group>";
		};
		44722C61285AD7790062DC72 /* NutritionPage */ = {
			isa = PBXGroup;
			children = (
				44722C65285ADF8D0062DC72 /* Controller */,
				44722C62285AD7930062DC72 /* View */,
			);
			path = NutritionPage;
			sourceTree = "<group>";
		};
		44722C62285AD7930062DC72 /* View */ = {
			isa = PBXGroup;
			children = (
				44722C63285AD7AF0062DC72 /* NutritionPage.storyboard */,
			);
			path = View;
			sourceTree = "<group>";
		};
		44722C65285ADF8D0062DC72 /* Controller */ = {
			isa = PBXGroup;
			children = (
				44722C70285AE9A70062DC72 /* NutritionPageViewController.swift */,
			);
			path = Controller;
			sourceTree = "<group>";
		};
/* End PBXGroup section */

/* Begin PBXNativeTarget section */
		44722C44285ABA390062DC72 /* Cehat-TestingInna */ = {
			isa = PBXNativeTarget;
			buildConfigurationList = 44722C59285ABA3A0062DC72 /* Build configuration list for PBXNativeTarget "Cehat-TestingInna" */;
			buildPhases = (
				44722C41285ABA390062DC72 /* Sources */,
				44722C42285ABA390062DC72 /* Frameworks */,
				44722C43285ABA390062DC72 /* Resources */,
			);
			buildRules = (
			);
			dependencies = (
			);
			name = "Cehat-TestingInna";
			productName = "Cehat-TestingInna";
			productReference = 44722C45285ABA390062DC72 /* Cehat-TestingInna.app */;
			productType = "com.apple.product-type.application";
		};
/* End PBXNativeTarget section */

/* Begin PBXProject section */
		44722C3D285ABA390062DC72 /* Project object */ = {
			isa = PBXProject;
			attributes = {
				BuildIndependentTargetsInParallel = 1;
				LastSwiftUpdateCheck = 1340;
				LastUpgradeCheck = 1340;
				TargetAttributes = {
					44722C44285ABA390062DC72 = {
						CreatedOnToolsVersion = 13.4.1;
					};
				};
			};
			buildConfigurationList = 44722C40285ABA390062DC72 /* Build configuration list for PBXProject "Cehat-TestingInna" */;
			compatibilityVersion = "Xcode 13.0";
			developmentRegion = en;
			hasScannedForEncodings = 0;
			knownRegions = (
				en,
				Base,
			);
			mainGroup = 44722C3C285ABA390062DC72;
			productRefGroup = 44722C46285ABA390062DC72 /* Products */;
			projectDirPath = "";
			projectRoot = "";
			targets = (
				44722C44285ABA390062DC72 /* Cehat-TestingInna */,
			);
		};
/* End PBXProject section */

/* Begin PBXResourcesBuildPhase section */
		44722C43285ABA390062DC72 /* Resources */ = {
			isa = PBXResourcesBuildPhase;
			buildActionMask = 2147483647;
			files = (
				44722C55285ABA3A0062DC72 /* LaunchScreen.storyboard in Resources */,
				44722C64285AD7AF0062DC72 /* NutritionPage.storyboard in Resources */,
				44722C52285ABA3A0062DC72 /* Assets.xcassets in Resources */,
				44722C50285ABA390062DC72 /* OnBoarding.storyboard in Resources */,
			);
			runOnlyForDeploymentPostprocessing = 0;
		};
/* End PBXResourcesBuildPhase section */

/* Begin PBXSourcesBuildPhase section */
		44722C41285ABA390062DC72 /* Sources */ = {
			isa = PBXSourcesBuildPhase;
			buildActionMask = 2147483647;
			files = (
				44722C4D285ABA390062DC72 /* OnBoardingViewController.swift in Sources */,
				44722C49285ABA390062DC72 /* AppDelegate.swift in Sources */,
				44722C4B285ABA390062DC72 /* SceneDelegate.swift in Sources */,
				44722C71285AE9A70062DC72 /* NutritionPageViewController.swift in Sources */,
			);
			runOnlyForDeploymentPostprocessing = 0;
		};
/* End PBXSourcesBuildPhase section */

/* Begin PBXVariantGroup section */
		44722C4E285ABA390062DC72 /* OnBoarding.storyboard */ = {
			isa = PBXVariantGroup;
			children = (
				44722C4F285ABA390062DC72 /* Base */,
			);
			name = OnBoarding.storyboard;
			sourceTree = "<group>";
		};
		44722C53285ABA3A0062DC72 /* LaunchScreen.storyboard */ = {
			isa = PBXVariantGroup;
			children = (
				44722C54285ABA3A0062DC72 /* Base */,
			);
			name = LaunchScreen.storyboard;
			sourceTree = "<group>";
		};
/* End PBXVariantGroup section */

/* Begin XCBuildConfiguration section */
		44722C57285ABA3A0062DC72 /* Debug */ = {
			isa = XCBuildConfiguration;
			buildSettings = {
				ALWAYS_SEARCH_USER_PATHS = NO;
				CLANG_ANALYZER_NONNULL = YES;
				CLANG_ANALYZER_NUMBER_OBJECT_CONVERSION = YES_AGGRESSIVE;
				CLANG_CXX_LANGUAGE_STANDARD = "gnu++17";
				CLANG_ENABLE_MODULES = YES;
				CLANG_ENABLE_OBJC_ARC = YES;
				CLANG_ENABLE_OBJC_WEAK = YES;
				CLANG_WARN_BLOCK_CAPTURE_AUTORELEASING = YES;
				CLANG_WARN_BOOL_CONVERSION = YES;
				CLANG_WARN_COMMA = YES;
				CLANG_WARN_CONSTANT_CONVERSION = YES;
				CLANG_WARN_DEPRECATED_OBJC_IMPLEMENTATIONS = YES;
				CLANG_WARN_DIRECT_OBJC_ISA_USAGE = YES_ERROR;
				CLANG_WARN_DOCUMENTATION_COMMENTS = YES;
				CLANG_WARN_EMPTY_BODY = YES;
				CLANG_WARN_ENUM_CONVERSION = YES;
				CLANG_WARN_INFINITE_RECURSION = YES;
				CLANG_WARN_INT_CONVERSION = YES;
				CLANG_WARN_NON_LITERAL_NULL_CONVERSION = YES;
				CLANG_WARN_OBJC_IMPLICIT_RETAIN_SELF = YES;
				CLANG_WARN_OBJC_LITERAL_CONVERSION = YES;
				CLANG_WARN_OBJC_ROOT_CLASS = YES_ERROR;
				CLANG_WARN_QUOTED_INCLUDE_IN_FRAMEWORK_HEADER = YES;
				CLANG_WARN_RANGE_LOOP_ANALYSIS = YES;
				CLANG_WARN_STRICT_PROTOTYPES = YES;
				CLANG_WARN_SUSPICIOUS_MOVE = YES;
				CLANG_WARN_UNGUARDED_AVAILABILITY = YES_AGGRESSIVE;
				CLANG_WARN_UNREACHABLE_CODE = YES;
				CLANG_WARN__DUPLICATE_METHOD_MATCH = YES;
				COPY_PHASE_STRIP = NO;
				DEBUG_INFORMATION_FORMAT = dwarf;
				ENABLE_STRICT_OBJC_MSGSEND = YES;
				ENABLE_TESTABILITY = YES;
				GCC_C_LANGUAGE_STANDARD = gnu11;
				GCC_DYNAMIC_NO_PIC = NO;
				GCC_NO_COMMON_BLOCKS = YES;
				GCC_OPTIMIZATION_LEVEL = 0;
				GCC_PREPROCESSOR_DEFINITIONS = (
					"DEBUG=1",
					"$(inherited)",
				);
				GCC_WARN_64_TO_32_BIT_CONVERSION = YES;
				GCC_WARN_ABOUT_RETURN_TYPE = YES_ERROR;
				GCC_WARN_UNDECLARED_SELECTOR = YES;
				GCC_WARN_UNINITIALIZED_AUTOS = YES_AGGRESSIVE;
				GCC_WARN_UNUSED_FUNCTION = YES;
				GCC_WARN_UNUSED_VARIABLE = YES;
				IPHONEOS_DEPLOYMENT_TARGET = 15.5;
				MTL_ENABLE_DEBUG_INFO = INCLUDE_SOURCE;
				MTL_FAST_MATH = YES;
				ONLY_ACTIVE_ARCH = YES;
				SDKROOT = iphoneos;
				SWIFT_ACTIVE_COMPILATION_CONDITIONS = DEBUG;
				SWIFT_OPTIMIZATION_LEVEL = "-Onone";
			};
			name = Debug;
		};
		44722C58285ABA3A0062DC72 /* Release */ = {
			isa = XCBuildConfiguration;
			buildSettings = {
				ALWAYS_SEARCH_USER_PATHS = NO;
				CLANG_ANALYZER_NONNULL = YES;
				CLANG_ANALYZER_NUMBER_OBJECT_CONVERSION = YES_AGGRESSIVE;
				CLANG_CXX_LANGUAGE_STANDARD = "gnu++17";
				CLANG_ENABLE_MODULES = YES;
				CLANG_ENABLE_OBJC_ARC = YES;
				CLANG_ENABLE_OBJC_WEAK = YES;
				CLANG_WARN_BLOCK_CAPTURE_AUTORELEASING = YES;
				CLANG_WARN_BOOL_CONVERSION = YES;
				CLANG_WARN_COMMA = YES;
				CLANG_WARN_CONSTANT_CONVERSION = YES;
				CLANG_WARN_DEPRECATED_OBJC_IMPLEMENTATIONS = YES;
				CLANG_WARN_DIRECT_OBJC_ISA_USAGE = YES_ERROR;
				CLANG_WARN_DOCUMENTATION_COMMENTS = YES;
				CLANG_WARN_EMPTY_BODY = YES;
				CLANG_WARN_ENUM_CONVERSION = YES;
				CLANG_WARN_INFINITE_RECURSION = YES;
				CLANG_WARN_INT_CONVERSION = YES;
				CLANG_WARN_NON_LITERAL_NULL_CONVERSION = YES;
				CLANG_WARN_OBJC_IMPLICIT_RETAIN_SELF = YES;
				CLANG_WARN_OBJC_LITERAL_CONVERSION = YES;
				CLANG_WARN_OBJC_ROOT_CLASS = YES_ERROR;
				CLANG_WARN_QUOTED_INCLUDE_IN_FRAMEWORK_HEADER = YES;
				CLANG_WARN_RANGE_LOOP_ANALYSIS = YES;
				CLANG_WARN_STRICT_PROTOTYPES = YES;
				CLANG_WARN_SUSPICIOUS_MOVE = YES;
				CLANG_WARN_UNGUARDED_AVAILABILITY = YES_AGGRESSIVE;
				CLANG_WARN_UNREACHABLE_CODE = YES;
				CLANG_WARN__DUPLICATE_METHOD_MATCH = YES;
				COPY_PHASE_STRIP = NO;
				DEBUG_INFORMATION_FORMAT = "dwarf-with-dsym";
				ENABLE_NS_ASSERTIONS = NO;
				ENABLE_STRICT_OBJC_MSGSEND = YES;
				GCC_C_LANGUAGE_STANDARD = gnu11;
				GCC_NO_COMMON_BLOCKS = YES;
				GCC_WARN_64_TO_32_BIT_CONVERSION = YES;
				GCC_WARN_ABOUT_RETURN_TYPE = YES_ERROR;
				GCC_WARN_UNDECLARED_SELECTOR = YES;
				GCC_WARN_UNINITIALIZED_AUTOS = YES_AGGRESSIVE;
				GCC_WARN_UNUSED_FUNCTION = YES;
				GCC_WARN_UNUSED_VARIABLE = YES;
				IPHONEOS_DEPLOYMENT_TARGET = 15.5;
				MTL_ENABLE_DEBUG_INFO = NO;
				MTL_FAST_MATH = YES;
				SDKROOT = iphoneos;
				SWIFT_COMPILATION_MODE = wholemodule;
				SWIFT_OPTIMIZATION_LEVEL = "-O";
				VALIDATE_PRODUCT = YES;
			};
			name = Release;
		};
		44722C5A285ABA3A0062DC72 /* Debug */ = {
			isa = XCBuildConfiguration;
			buildSettings = {
				ASSETCATALOG_COMPILER_APPICON_NAME = AppIcon;
				ASSETCATALOG_COMPILER_GLOBAL_ACCENT_COLOR_NAME = AccentColor;
				CODE_SIGN_STYLE = Automatic;
				CURRENT_PROJECT_VERSION = 1;
				DEVELOPMENT_TEAM = SR8PWUZ898;
				GENERATE_INFOPLIST_FILE = YES;
				INFOPLIST_FILE = "Cehat-TestingInna/Info.plist";
				INFOPLIST_KEY_UIApplicationSupportsIndirectInputEvents = YES;
				INFOPLIST_KEY_UILaunchStoryboardName = LaunchScreen;
				INFOPLIST_KEY_UIMainStoryboardFile = NutritionPage;
				INFOPLIST_KEY_UISupportedInterfaceOrientations_iPad = "UIInterfaceOrientationPortrait UIInterfaceOrientationPortraitUpsideDown UIInterfaceOrientationLandscapeLeft UIInterfaceOrientationLandscapeRight";
				INFOPLIST_KEY_UISupportedInterfaceOrientations_iPhone = "UIInterfaceOrientationPortrait UIInterfaceOrientationLandscapeLeft UIInterfaceOrientationLandscapeRight";
				LD_RUNPATH_SEARCH_PATHS = (
					"$(inherited)",
					"@executable_path/Frameworks",
				);
				MARKETING_VERSION = 1.0;
				PRODUCT_BUNDLE_IDENTIFIER = "com.AppleDeveloperAcademyBinus.Cehat-TestingInna";
				PRODUCT_NAME = "$(TARGET_NAME)";
				SWIFT_EMIT_LOC_STRINGS = YES;
				SWIFT_VERSION = 5.0;
				TARGETED_DEVICE_FAMILY = "1,2";
			};
			name = Debug;
		};
		44722C5B285ABA3A0062DC72 /* Release */ = {
			isa = XCBuildConfiguration;
			buildSettings = {
				ASSETCATALOG_COMPILER_APPICON_NAME = AppIcon;
				ASSETCATALOG_COMPILER_GLOBAL_ACCENT_COLOR_NAME = AccentColor;
				CODE_SIGN_STYLE = Automatic;
				CURRENT_PROJECT_VERSION = 1;
				DEVELOPMENT_TEAM = SR8PWUZ898;
				GENERATE_INFOPLIST_FILE = YES;
				INFOPLIST_FILE = "Cehat-TestingInna/Info.plist";
				INFOPLIST_KEY_UIApplicationSupportsIndirectInputEvents = YES;
				INFOPLIST_KEY_UILaunchStoryboardName = LaunchScreen;
				INFOPLIST_KEY_UIMainStoryboardFile = NutritionPage;
				INFOPLIST_KEY_UISupportedInterfaceOrientations_iPad = "UIInterfaceOrientationPortrait UIInterfaceOrientationPortraitUpsideDown UIInterfaceOrientationLandscapeLeft UIInterfaceOrientationLandscapeRight";
				INFOPLIST_KEY_UISupportedInterfaceOrientations_iPhone = "UIInterfaceOrientationPortrait UIInterfaceOrientationLandscapeLeft UIInterfaceOrientationLandscapeRight";
				LD_RUNPATH_SEARCH_PATHS = (
					"$(inherited)",
					"@executable_path/Frameworks",
				);
				MARKETING_VERSION = 1.0;
				PRODUCT_BUNDLE_IDENTIFIER = "com.AppleDeveloperAcademyBinus.Cehat-TestingInna";
				PRODUCT_NAME = "$(TARGET_NAME)";
				SWIFT_EMIT_LOC_STRINGS = YES;
				SWIFT_VERSION = 5.0;
				TARGETED_DEVICE_FAMILY = "1,2";
			};
			name = Release;
		};
/* End XCBuildConfiguration section */

/* Begin XCConfigurationList section */
		44722C40285ABA390062DC72 /* Build configuration list for PBXProject "Cehat-TestingInna" */ = {
			isa = XCConfigurationList;
			buildConfigurations = (
				44722C57285ABA3A0062DC72 /* Debug */,
				44722C58285ABA3A0062DC72 /* Release */,
			);
			defaultConfigurationIsVisible = 0;
			defaultConfigurationName = Release;
		};
		44722C59285ABA3A0062DC72 /* Build configuration list for PBXNativeTarget "Cehat-TestingInna" */ = {
			isa = XCConfigurationList;
			buildConfigurations = (
				44722C5A285ABA3A0062DC72 /* Debug */,
				44722C5B285ABA3A0062DC72 /* Release */,
			);
			defaultConfigurationIsVisible = 0;
			defaultConfigurationName = Release;
		};
/* End XCConfigurationList section */
	};
	rootObject = 44722C3D285ABA390062DC72 /* Project object */;
}
